
Microsoft Visual Studio Solution File, Format Version 12.00
# Visual Studio 15
VisualStudioVersion = 15.0.28307.645
MinimumVisualStudioVersion = 10.0.40219.1
Project("{888888A0-9F3D-457C-B088-3A5042F75D52}") = "Kiwoom", "Kiwoom\Kiwoom.pyproj", "{D757603B-956B-4B20-8E72-CA17F9877219}"
EndProject
Global
	GlobalSection(SolutionConfigurationPlatforms) = preSolution
		Debug|Any CPU = Debug|Any CPU
		Release|Any CPU = Release|Any CPU
	EndGlobalSection
	GlobalSection(ProjectConfigurationPlatforms) = postSolution
		{D757603B-956B-4B20-8E72-CA17F9877219}.Debug|Any CPU.ActiveCfg = Debug|Any CPU
		{D757603B-956B-4B20-8E72-CA17F9877219}.Release|Any CPU.ActiveCfg = Release|Any CPU
	EndGlobalSection
	GlobalSection(SolutionProperties) = preSolution
		HideSolutionNode = FALSE
	EndGlobalSection
	GlobalSection(ExtensibilityGlobals) = postSolution
		SolutionGuid = {A8FC0090-EFC9-46CC-901C-F82C15C440E5}
	EndGlobalSection
EndGlobal
